
Microsoft Visual Studio Solution File, Format Version 12.00
# Visual Studio Version 16
VisualStudioVersion = 16.0.30717.126
MinimumVisualStudioVersion = 10.0.40219.1
Project("{FAE04EC0-301F-11D3-BF4B-00C04F79EFBC}") = "IESTM25RayFiles", "IESTM25RayFiles\IESTM25RayFiles.csproj", "{58C3E5D5-812F-4A86-8254-C82BF15C38CA}"
EndProject
Project("{FAE04EC0-301F-11D3-BF4B-00C04F79EFBC}") = "IESTM25RayFilesTests", "IESTM25RayFilesTests\IESTM25RayFilesTests.csproj", "{BE2D0F12-1DB8-4702-9972-C234B256CFA8}"
EndProject
Project("{FAE04EC0-301F-11D3-BF4B-00C04F79EFBC}") = "IESTM25FileViewer", "IESTM25FileViewer\IESTM25FileViewer.csproj", "{E5AB258C-77D1-4AA7-BC89-2EED56102F45}"
EndProject
Global
	GlobalSection(SolutionConfigurationPlatforms) = preSolution
		Debug|Any CPU = Debug|Any CPU
		Release|Any CPU = Release|Any CPU
	EndGlobalSection
	GlobalSection(ProjectConfigurationPlatforms) = postSolution
		{58C3E5D5-812F-4A86-8254-C82BF15C38CA}.Debug|Any CPU.ActiveCfg = Debug|Any CPU
		{58C3E5D5-812F-4A86-8254-C82BF15C38CA}.Debug|Any CPU.Build.0 = Debug|Any CPU
		{58C3E5D5-812F-4A86-8254-C82BF15C38CA}.Release|Any CPU.ActiveCfg = Release|Any CPU
		{58C3E5D5-812F-4A86-8254-C82BF15C38CA}.Release|Any CPU.Build.0 = Release|Any CPU
		{BE2D0F12-1DB8-4702-9972-C234B256CFA8}.Debug|Any CPU.ActiveCfg = Debug|Any CPU
		{BE2D0F12-1DB8-4702-9972-C234B256CFA8}.Debug|Any CPU.Build.0 = Debug|Any CPU
		{BE2D0F12-1DB8-4702-9972-C234B256CFA8}.Release|Any CPU.ActiveCfg = Release|Any CPU
		{BE2D0F12-1DB8-4702-9972-C234B256CFA8}.Release|Any CPU.Build.0 = Release|Any CPU
		{E5AB258C-77D1-4AA7-BC89-2EED56102F45}.Debug|Any CPU.ActiveCfg = Debug|Any CPU
		{E5AB258C-77D1-4AA7-BC89-2EED56102F45}.Debug|Any CPU.Build.0 = Debug|Any CPU
		{E5AB258C-77D1-4AA7-BC89-2EED56102F45}.Release|Any CPU.ActiveCfg = Release|Any CPU
		{E5AB258C-77D1-4AA7-BC89-2EED56102F45}.Release|Any CPU.Build.0 = Release|Any CPU
	EndGlobalSection
	GlobalSection(SolutionProperties) = preSolution
		HideSolutionNode = FALSE
	EndGlobalSection
	GlobalSection(ExtensibilityGlobals) = postSolution
		SolutionGuid = {C5944088-872F-49D4-8854-EE966540BF5B}
	EndGlobalSection
EndGlobal
